
Microsoft Visual Studio Solution File, Format Version 12.00
# Visual Studio 2012
Project("{FAE04EC0-301F-11D3-BF4B-00C04F79EFBC}") = "PluginManager", "src\PluginManager\PluginManager.csproj", "{F5FA8F3A-7F12-42C7-85EB-C883CD854AAD}"
EndProject
Project("{FAE04EC0-301F-11D3-BF4B-00C04F79EFBC}") = "KostalPlugin", "src\KostalPlugin\KostalPlugin.csproj", "{21018F28-3727-44C1-A0AE-BB604A73FB11}"
EndProject
Project("{FAE04EC0-301F-11D3-BF4B-00C04F79EFBC}") = "PluginManagerTestApp", "src\PluginManagerTestApp\PluginManagerTestApp.csproj", "{08DEFB0C-3B39-4FCA-B4D9-3E3017A0C8E1}"
EndProject
Project("{FAE04EC0-301F-11D3-BF4B-00C04F79EFBC}") = "TimeSeriesPlugin", "src\TimeSeriesPlugin\TimeSeriesPlugin.csproj", "{222A5691-E3E4-4DE3-B1FD-B6A53DC1C6F2}"
EndProject
Project("{FAE04EC0-301F-11D3-BF4B-00C04F79EFBC}") = "MessageQueue", "src\MessageQueue\MessageQueue.csproj", "{8B7B9C83-309E-47B7-8BB8-3E99F4ACC39A}"
EndProject
Project("{FAE04EC0-301F-11D3-BF4B-00C04F79EFBC}") = "WebPageParser", "src\WebPageParser\WebPageParser.csproj", "{E1868D96-8D72-4325-A08C-84A9BF514006}"
EndProject
Project("{FAE04EC0-301F-11D3-BF4B-00C04F79EFBC}") = "WebPageParserPlugin", "src\WebPageParserPlugin\WebPageParserPlugin.csproj", "{D7907BCA-E3E4-4763-9E79-3313E4662DBD}"
EndProject
Global
	GlobalSection(SolutionConfigurationPlatforms) = preSolution
		Debug|Any CPU = Debug|Any CPU
		Debug|Mixed Platforms = Debug|Mixed Platforms
		Debug|x86 = Debug|x86
		Release|Any CPU = Release|Any CPU
		Release|Mixed Platforms = Release|Mixed Platforms
		Release|x86 = Release|x86
	EndGlobalSection
	GlobalSection(ProjectConfigurationPlatforms) = postSolution
		{F5FA8F3A-7F12-42C7-85EB-C883CD854AAD}.Debug|Any CPU.ActiveCfg = Debug|Any CPU
		{F5FA8F3A-7F12-42C7-85EB-C883CD854AAD}.Debug|Any CPU.Build.0 = Debug|Any CPU
		{F5FA8F3A-7F12-42C7-85EB-C883CD854AAD}.Debug|Mixed Platforms.ActiveCfg = Debug|Any CPU
		{F5FA8F3A-7F12-42C7-85EB-C883CD854AAD}.Debug|Mixed Platforms.Build.0 = Debug|Any CPU
		{F5FA8F3A-7F12-42C7-85EB-C883CD854AAD}.Debug|x86.ActiveCfg = Debug|Any CPU
		{F5FA8F3A-7F12-42C7-85EB-C883CD854AAD}.Release|Any CPU.ActiveCfg = Release|Any CPU
		{F5FA8F3A-7F12-42C7-85EB-C883CD854AAD}.Release|Any CPU.Build.0 = Release|Any CPU
		{F5FA8F3A-7F12-42C7-85EB-C883CD854AAD}.Release|Mixed Platforms.ActiveCfg = Release|Any CPU
		{F5FA8F3A-7F12-42C7-85EB-C883CD854AAD}.Release|Mixed Platforms.Build.0 = Release|Any CPU
		{F5FA8F3A-7F12-42C7-85EB-C883CD854AAD}.Release|x86.ActiveCfg = Release|Any CPU
		{21018F28-3727-44C1-A0AE-BB604A73FB11}.Debug|Any CPU.ActiveCfg = Debug|Any CPU
		{21018F28-3727-44C1-A0AE-BB604A73FB11}.Debug|Any CPU.Build.0 = Debug|Any CPU
		{21018F28-3727-44C1-A0AE-BB604A73FB11}.Debug|Mixed Platforms.ActiveCfg = Debug|Any CPU
		{21018F28-3727-44C1-A0AE-BB604A73FB11}.Debug|Mixed Platforms.Build.0 = Debug|Any CPU
		{21018F28-3727-44C1-A0AE-BB604A73FB11}.Debug|x86.ActiveCfg = Debug|Any CPU
		{21018F28-3727-44C1-A0AE-BB604A73FB11}.Release|Any CPU.ActiveCfg = Release|Any CPU
		{21018F28-3727-44C1-A0AE-BB604A73FB11}.Release|Any CPU.Build.0 = Release|Any CPU
		{21018F28-3727-44C1-A0AE-BB604A73FB11}.Release|Mixed Platforms.ActiveCfg = Release|Any CPU
		{21018F28-3727-44C1-A0AE-BB604A73FB11}.Release|Mixed Platforms.Build.0 = Release|Any CPU
		{21018F28-3727-44C1-A0AE-BB604A73FB11}.Release|x86.ActiveCfg = Release|Any CPU
		{08DEFB0C-3B39-4FCA-B4D9-3E3017A0C8E1}.Debug|Any CPU.ActiveCfg = Debug|x86
		{08DEFB0C-3B39-4FCA-B4D9-3E3017A0C8E1}.Debug|Mixed Platforms.ActiveCfg = Debug|x86
		{08DEFB0C-3B39-4FCA-B4D9-3E3017A0C8E1}.Debug|Mixed Platforms.Build.0 = Debug|x86
		{08DEFB0C-3B39-4FCA-B4D9-3E3017A0C8E1}.Debug|x86.ActiveCfg = Debug|x86
		{08DEFB0C-3B39-4FCA-B4D9-3E3017A0C8E1}.Debug|x86.Build.0 = Debug|x86
		{08DEFB0C-3B39-4FCA-B4D9-3E3017A0C8E1}.Release|Any CPU.ActiveCfg = Release|x86
		{08DEFB0C-3B39-4FCA-B4D9-3E3017A0C8E1}.Release|Mixed Platforms.ActiveCfg = Release|x86
		{08DEFB0C-3B39-4FCA-B4D9-3E3017A0C8E1}.Release|Mixed Platforms.Build.0 = Release|x86
		{08DEFB0C-3B39-4FCA-B4D9-3E3017A0C8E1}.Release|x86.ActiveCfg = Release|x86
		{08DEFB0C-3B39-4FCA-B4D9-3E3017A0C8E1}.Release|x86.Build.0 = Release|x86
		{222A5691-E3E4-4DE3-B1FD-B6A53DC1C6F2}.Debug|Any CPU.ActiveCfg = Debug|Any CPU
		{222A5691-E3E4-4DE3-B1FD-B6A53DC1C6F2}.Debug|Any CPU.Build.0 = Debug|Any CPU
		{222A5691-E3E4-4DE3-B1FD-B6A53DC1C6F2}.Debug|Mixed Platforms.ActiveCfg = Debug|Any CPU
		{222A5691-E3E4-4DE3-B1FD-B6A53DC1C6F2}.Debug|Mixed Platforms.Build.0 = Debug|Any CPU
		{222A5691-E3E4-4DE3-B1FD-B6A53DC1C6F2}.Debug|x86.ActiveCfg = Debug|Any CPU
		{222A5691-E3E4-4DE3-B1FD-B6A53DC1C6F2}.Release|Any CPU.ActiveCfg = Release|Any CPU
		{222A5691-E3E4-4DE3-B1FD-B6A53DC1C6F2}.Release|Any CPU.Build.0 = Release|Any CPU
		{222A5691-E3E4-4DE3-B1FD-B6A53DC1C6F2}.Release|Mixed Platforms.ActiveCfg = Release|Any CPU
		{222A5691-E3E4-4DE3-B1FD-B6A53DC1C6F2}.Release|Mixed Platforms.Build.0 = Release|Any CPU
		{222A5691-E3E4-4DE3-B1FD-B6A53DC1C6F2}.Release|x86.ActiveCfg = Release|Any CPU
		{8B7B9C83-309E-47B7-8BB8-3E99F4ACC39A}.Debug|Any CPU.ActiveCfg = Debug|Any CPU
		{8B7B9C83-309E-47B7-8BB8-3E99F4ACC39A}.Debug|Any CPU.Build.0 = Debug|Any CPU
		{8B7B9C83-309E-47B7-8BB8-3E99F4ACC39A}.Debug|Mixed Platforms.ActiveCfg = Debug|Any CPU
		{8B7B9C83-309E-47B7-8BB8-3E99F4ACC39A}.Debug|Mixed Platforms.Build.0 = Debug|Any CPU
		{8B7B9C83-309E-47B7-8BB8-3E99F4ACC39A}.Debug|x86.ActiveCfg = Debug|Any CPU
		{8B7B9C83-309E-47B7-8BB8-3E99F4ACC39A}.Release|Any CPU.ActiveCfg = Release|Any CPU
		{8B7B9C83-309E-47B7-8BB8-3E99F4ACC39A}.Release|Any CPU.Build.0 = Release|Any CPU
		{8B7B9C83-309E-47B7-8BB8-3E99F4ACC39A}.Release|Mixed Platforms.ActiveCfg = Release|Any CPU
		{8B7B9C83-309E-47B7-8BB8-3E99F4ACC39A}.Release|Mixed Platforms.Build.0 = Release|Any CPU
		{8B7B9C83-309E-47B7-8BB8-3E99F4ACC39A}.Release|x86.ActiveCfg = Release|Any CPU
		{E1868D96-8D72-4325-A08C-84A9BF514006}.Debug|Any CPU.ActiveCfg = Debug|Any CPU
		{E1868D96-8D72-4325-A08C-84A9BF514006}.Debug|Any CPU.Build.0 = Debug|Any CPU
		{E1868D96-8D72-4325-A08C-84A9BF514006}.Debug|Mixed Platforms.ActiveCfg = Debug|Any CPU
		{E1868D96-8D72-4325-A08C-84A9BF514006}.Debug|Mixed Platforms.Build.0 = Debug|Any CPU
		{E1868D96-8D72-4325-A08C-84A9BF514006}.Debug|x86.ActiveCfg = Debug|Any CPU
		{E1868D96-8D72-4325-A08C-84A9BF514006}.Release|Any CPU.ActiveCfg = Release|Any CPU
		{E1868D96-8D72-4325-A08C-84A9BF514006}.Release|Any CPU.Build.0 = Release|Any CPU
		{E1868D96-8D72-4325-A08C-84A9BF514006}.Release|Mixed Platforms.ActiveCfg = Release|Any CPU
		{E1868D96-8D72-4325-A08C-84A9BF514006}.Release|Mixed Platforms.Build.0 = Release|Any CPU
		{E1868D96-8D72-4325-A08C-84A9BF514006}.Release|x86.ActiveCfg = Release|Any CPU
		{D7907BCA-E3E4-4763-9E79-3313E4662DBD}.Debug|Any CPU.ActiveCfg = Debug|Any CPU
		{D7907BCA-E3E4-4763-9E79-3313E4662DBD}.Debug|Any CPU.Build.0 = Debug|Any CPU
		{D7907BCA-E3E4-4763-9E79-3313E4662DBD}.Debug|Mixed Platforms.ActiveCfg = Debug|Any CPU
		{D7907BCA-E3E4-4763-9E79-3313E4662DBD}.Debug|Mixed Platforms.Build.0 = Debug|Any CPU
		{D7907BCA-E3E4-4763-9E79-3313E4662DBD}.Debug|x86.ActiveCfg = Debug|Any CPU
		{D7907BCA-E3E4-4763-9E79-3313E4662DBD}.Release|Any CPU.ActiveCfg = Release|Any CPU
		{D7907BCA-E3E4-4763-9E79-3313E4662DBD}.Release|Any CPU.Build.0 = Release|Any CPU
		{D7907BCA-E3E4-4763-9E79-3313E4662DBD}.Release|Mixed Platforms.ActiveCfg = Release|Any CPU
		{D7907BCA-E3E4-4763-9E79-3313E4662DBD}.Release|Mixed Platforms.Build.0 = Release|Any CPU
		{D7907BCA-E3E4-4763-9E79-3313E4662DBD}.Release|x86.ActiveCfg = Release|Any CPU
	EndGlobalSection
	GlobalSection(SolutionProperties) = preSolution
		HideSolutionNode = FALSE
	EndGlobalSection
EndGlobal
